{
  "name": "testga",
  "version": "0.0.0",
  "lockfileVersion": 1,
  "requires": true,
  "dependencies": {
    "@elgorditosalsero/react-gtm-hook": {
      "version": "2.7.2",
      "resolved": "https://registry.npmjs.org/@elgorditosalsero/react-gtm-hook/-/react-gtm-hook-2.7.2.tgz",
      "integrity": "sha512-5lGZOk7BcWTdz2pqu2sa/IyAtuTItCCZuEGUthnlJgpWKvVGrzVyhIOVj1/ed575jusaMIr+yIfeZ11WzH2QqQ=="
    },
    "react-gtm-module": {
      "version": "2.0.11",
      "resolved": "https://registry.npmjs.org/react-gtm-module/-/react-gtm-module-2.0.11.tgz",
      "integrity": "sha512-8gyj4TTxeP7eEyc2QKawEuQoAZdjKvMY4pgWfycGmqGByhs17fR+zEBs0JUDq4US/l+vbTl+6zvUIx27iDo/Vw=="
    }
  }
}
